// !$*UTF8*$!
{
	archiveVersion = 1;
	classes = {
	};
	objectVersion = 56;
	objects = {

/* Begin PBXBuildFile section */
		D7AA69C12C0F03CE00BBB594 /* AppDelegate.swift in Sources */ = {isa = PBXBuildFile; fileRef = D7AA69C02C0F03CE00BBB594 /* AppDelegate.swift */; };
		D7AA69C32C0F03CE00BBB594 /* SceneDelegate.swift in Sources */ = {isa = PBXBuildFile; fileRef = D7AA69C22C0F03CE00BBB594 /* SceneDelegate.swift */; };
		D7AA69C52C0F03CE00BBB594 /* ViewController.swift in Sources */ = {isa = PBXBuildFile; fileRef = D7AA69C42C0F03CE00BBB594 /* ViewController.swift */; };
		D7AA69C82C0F03CE00BBB594 /* Base in Resources */ = {isa = PBXBuildFile; fileRef = D7AA69C72C0F03CE00BBB594 /* Base */; };
		D7AA69CA2C0F03CF00BBB594 /* Assets.xcassets in Resources */ = {isa = PBXBuildFile; fileRef = D7AA69C92C0F03CF00BBB594 /* Assets.xcassets */; };
		D7AA69CD2C0F03CF00BBB594 /* Base in Resources */ = {isa = PBXBuildFile; fileRef = D7AA69CC2C0F03CF00BBB594 /* Base */; };
		D7AA69D52C0F03FB00BBB594 /* Lift.swift in Sources */ = {isa = PBXBuildFile; fileRef = D7AA69D42C0F03FB00BBB594 /* Lift.swift */; };
		D7AA69D72C0F04C900BBB594 /* LiftData.swift in Sources */ = {isa = PBXBuildFile; fileRef = D7AA69D62C0F04C900BBB594 /* LiftData.swift */; };
		D7AA69D92C0F31E500BBB594 /* Level.swift in Sources */ = {isa = PBXBuildFile; fileRef = D7AA69D82C0F31E500BBB594 /* Level.swift */; };
		D7AA69DC2C0F6BFC00BBB594 /* LiftView.swift in Sources */ = {isa = PBXBuildFile; fileRef = D7AA69DB2C0F6BFC00BBB594 /* LiftView.swift */; };
/* End PBXBuildFile section */

/* Begin PBXFileReference section */
		D7AA69BD2C0F03CE00BBB594 /* elevators.app */ = {isa = PBXFileReference; explicitFileType = wrapper.application; includeInIndex = 0; path = elevators.app; sourceTree = BUILT_PRODUCTS_DIR; };
		D7AA69C02C0F03CE00BBB594 /* AppDelegate.swift */ = {isa = PBXFileReference; lastKnownFileType = sourcecode.swift; path = AppDelegate.swift; sourceTree = "<group>"; };
		D7AA69C22C0F03CE00BBB594 /* SceneDelegate.swift */ = {isa = PBXFileReference; lastKnownFileType = sourcecode.swift; path = SceneDelegate.swift; sourceTree = "<group>"; };
		D7AA69C42C0F03CE00BBB594 /* ViewController.swift */ = {isa = PBXFileReference; lastKnownFileType = sourcecode.swift; path = ViewController.swift; sourceTree = "<group>"; };
		D7AA69C72C0F03CE00BBB594 /* Base */ = {isa = PBXFileReference; lastKnownFileType = file.storyboard; name = Base; path = Base.lproj/Main.storyboard; sourceTree = "<group>"; };
		D7AA69C92C0F03CF00BBB594 /* Assets.xcassets */ = {isa = PBXFileReference; lastKnownFileType = folder.assetcatalog; path = Assets.xcassets; sourceTree = "<group>"; };
		D7AA69CC2C0F03CF00BBB594 /* Base */ = {isa = PBXFileReference; lastKnownFileType = file.storyboard; name = Base; path = Base.lproj/LaunchScreen.storyboard; sourceTree = "<group>"; };
		D7AA69CE2C0F03CF00BBB594 /* Info.plist */ = {isa = PBXFileReference; lastKnownFileType = text.plist.xml; path = Info.plist; sourceTree = "<group>"; };
		D7AA69D42C0F03FB00BBB594 /* Lift.swift */ = {isa = PBXFileReference; lastKnownFileType = sourcecode.swift; path = Lift.swift; sourceTree = "<group>"; };
		D7AA69D62C0F04C900BBB594 /* LiftData.swift */ = {isa = PBXFileReference; lastKnownFileType = sourcecode.swift; path = LiftData.swift; sourceTree = "<group>"; };
		D7AA69D82C0F31E500BBB594 /* Level.swift */ = {isa = PBXFileReference; lastKnownFileType = sourcecode.swift; path = Level.swift; sourceTree = "<group>"; };
		D7AA69DB2C0F6BFC00BBB594 /* LiftView.swift */ = {isa = PBXFileReference; lastKnownFileType = sourcecode.swift; path = LiftView.swift; sourceTree = "<group>"; };
/* End PBXFileReference section */

/* Begin PBXFrameworksBuildPhase section */
		D7AA69BA2C0F03CE00BBB594 /* Frameworks */ = {
			isa = PBXFrameworksBuildPhase;
			buildActionMask = 2147483647;
			files = (
			);
			runOnlyForDeploymentPostprocessing = 0;
		};
/* End PBXFrameworksBuildPhase section */

/* Begin PBXGroup section */
		D7AA69B42C0F03CD00BBB594 = {
			isa = PBXGroup;
			children = (
				D7AA69BF2C0F03CE00BBB594 /* elevators */,
				D7AA69BE2C0F03CE00BBB594 /* Products */,
			);
			sourceTree = "<group>";
		};
		D7AA69BE2C0F03CE00BBB594 /* Products */ = {
			isa = PBXGroup;
			children = (
				D7AA69BD2C0F03CE00BBB594 /* elevators.app */,
			);
			name = Products;
			sourceTree = "<group>";
		};
		D7AA69BF2C0F03CE00BBB594 /* elevators */ = {
			isa = PBXGroup;
			children = (
				D7AA69C02C0F03CE00BBB594 /* AppDelegate.swift */,
				D7AA69C22C0F03CE00BBB594 /* SceneDelegate.swift */,
				D7AA69C42C0F03CE00BBB594 /* ViewController.swift */,
				D7AA69DA2C0F353800BBB594 /* Classes */,
				D7AA69C62C0F03CE00BBB594 /* Main.storyboard */,
				D7AA69C92C0F03CF00BBB594 /* Assets.xcassets */,
				D7AA69CB2C0F03CF00BBB594 /* LaunchScreen.storyboard */,
				D7AA69CE2C0F03CF00BBB594 /* Info.plist */,
			);
			path = elevators;
			sourceTree = "<group>";
		};
		D7AA69DA2C0F353800BBB594 /* Classes */ = {
			isa = PBXGroup;
			children = (
				D7AA69D42C0F03FB00BBB594 /* Lift.swift */,
				D7AA69D62C0F04C900BBB594 /* LiftData.swift */,
				D7AA69D82C0F31E500BBB594 /* Level.swift */,
				D7AA69DB2C0F6BFC00BBB594 /* LiftView.swift */,
			);
			path = Classes;
			sourceTree = "<group>";
		};
/* End PBXGroup section */

/* Begin PBXNativeTarget section */
		D7AA69BC2C0F03CE00BBB594 /* elevators */ = {
			isa = PBXNativeTarget;
			buildConfigurationList = D7AA69D12C0F03CF00BBB594 /* Build configuration list for PBXNativeTarget "elevators" */;
			buildPhases = (
				D7AA69B92C0F03CE00BBB594 /* Sources */,
				D7AA69BA2C0F03CE00BBB594 /* Frameworks */,
				D7AA69BB2C0F03CE00BBB594 /* Resources */,
			);
			buildRules = (
			);
			dependencies = (
			);
			name = elevators;
			productName = elevators;
			productReference = D7AA69BD2C0F03CE00BBB594 /* elevators.app */;
			productType = "com.apple.product-type.application";
		};
/* End PBXNativeTarget section */

/* Begin PBXProject section */
		D7AA69B52C0F03CD00BBB594 /* Project object */ = {
			isa = PBXProject;
			attributes = {
				BuildIndependentTargetsInParallel = 1;
				LastSwiftUpdateCheck = 1540;
				LastUpgradeCheck = 1540;
				TargetAttributes = {
					D7AA69BC2C0F03CE00BBB594 = {
						CreatedOnToolsVersion = 15.4;
					};
				};
			};
			buildConfigurationList = D7AA69B82C0F03CD00BBB594 /* Build configuration list for PBXProject "elevators" */;
			compatibilityVersion = "Xcode 14.0";
			developmentRegion = en;
			hasScannedForEncodings = 0;
			knownRegions = (
				en,
				Base,
			);
			mainGroup = D7AA69B42C0F03CD00BBB594;
			productRefGroup = D7AA69BE2C0F03CE00BBB594 /* Products */;
			projectDirPath = "";
			projectRoot = "";
			targets = (
				D7AA69BC2C0F03CE00BBB594 /* elevators */,
			);
		};
/* End PBXProject section */

/* Begin PBXResourcesBuildPhase section */
		D7AA69BB2C0F03CE00BBB594 /* Resources */ = {
			isa = PBXResourcesBuildPhase;
			buildActionMask = 2147483647;
			files = (
				D7AA69CA2C0F03CF00BBB594 /* Assets.xcassets in Resources */,
				D7AA69CD2C0F03CF00BBB594 /* Base in Resources */,
				D7AA69C82C0F03CE00BBB594 /* Base in Resources */,
			);
			runOnlyForDeploymentPostprocessing = 0;
		};
/* End PBXResourcesBuildPhase section */

/* Begin PBXSourcesBuildPhase section */
		D7AA69B92C0F03CE00BBB594 /* Sources */ = {
			isa = PBXSourcesBuildPhase;
			buildActionMask = 2147483647;
			files = (
				D7AA69D92C0F31E500BBB594 /* Level.swift in Sources */,
				D7AA69DC2C0F6BFC00BBB594 /* LiftView.swift in Sources */,
				D7AA69C52C0F03CE00BBB594 /* ViewController.swift in Sources */,
				D7AA69D72C0F04C900BBB594 /* LiftData.swift in Sources */,
				D7AA69C12C0F03CE00BBB594 /* AppDelegate.swift in Sources */,
				D7AA69D52C0F03FB00BBB594 /* Lift.swift in Sources */,
				D7AA69C32C0F03CE00BBB594 /* SceneDelegate.swift in Sources */,
			);
			runOnlyForDeploymentPostprocessing = 0;
		};
/* End PBXSourcesBuildPhase section */

/* Begin PBXVariantGroup section */
		D7AA69C62C0F03CE00BBB594 /* Main.storyboard */ = {
			isa = PBXVariantGroup;
			children = (
				D7AA69C72C0F03CE00BBB594 /* Base */,
			);
			name = Main.storyboard;
			sourceTree = "<group>";
		};
		D7AA69CB2C0F03CF00BBB594 /* LaunchScreen.storyboard */ = {
			isa = PBXVariantGroup;
			children = (
				D7AA69CC2C0F03CF00BBB594 /* Base */,
			);
			name = LaunchScreen.storyboard;
			sourceTree = "<group>";
		};
/* End PBXVariantGroup section */

/* Begin XCBuildConfiguration section */
		D7AA69CF2C0F03CF00BBB594 /* Debug */ = {
			isa = XCBuildConfiguration;
			buildSettings = {
				ALWAYS_SEARCH_USER_PATHS = NO;
				ASSETCATALOG_COMPILER_GENERATE_SWIFT_ASSET_SYMBOL_EXTENSIONS = YES;
				CLANG_ANALYZER_NONNULL = YES;
				CLANG_ANALYZER_NUMBER_OBJECT_CONVERSION = YES_AGGRESSIVE;
				CLANG_CXX_LANGUAGE_STANDARD = "gnu++20";
				CLANG_ENABLE_MODULES = YES;
				CLANG_ENABLE_OBJC_ARC = YES;
				CLANG_ENABLE_OBJC_WEAK = YES;
				CLANG_WARN_BLOCK_CAPTURE_AUTORELEASING = YES;
				CLANG_WARN_BOOL_CONVERSION = YES;
				CLANG_WARN_COMMA = YES;
				CLANG_WARN_CONSTANT_CONVERSION = YES;
				CLANG_WARN_DEPRECATED_OBJC_IMPLEMENTATIONS = YES;
				CLANG_WARN_DIRECT_OBJC_ISA_USAGE = YES_ERROR;
				CLANG_WARN_DOCUMENTATION_COMMENTS = YES;
				CLANG_WARN_EMPTY_BODY = YES;
				CLANG_WARN_ENUM_CONVERSION = YES;
				CLANG_WARN_INFINITE_RECURSION = YES;
				CLANG_WARN_INT_CONVERSION = YES;
				CLANG_WARN_NON_LITERAL_NULL_CONVERSION = YES;
				CLANG_WARN_OBJC_IMPLICIT_RETAIN_SELF = YES;
				CLANG_WARN_OBJC_LITERAL_CONVERSION = YES;
				CLANG_WARN_OBJC_ROOT_CLASS = YES_ERROR;
				CLANG_WARN_QUOTED_INCLUDE_IN_FRAMEWORK_HEADER = YES;
				CLANG_WARN_RANGE_LOOP_ANALYSIS = YES;
				CLANG_WARN_STRICT_PROTOTYPES = YES;
				CLANG_WARN_SUSPICIOUS_MOVE = YES;
				CLANG_WARN_UNGUARDED_AVAILABILITY = YES_AGGRESSIVE;
				CLANG_WARN_UNREACHABLE_CODE = YES;
				CLANG_WARN__DUPLICATE_METHOD_MATCH = YES;
				COPY_PHASE_STRIP = NO;
				DEBUG_INFORMATION_FORMAT = dwarf;
				ENABLE_STRICT_OBJC_MSGSEND = YES;
				ENABLE_TESTABILITY = YES;
				ENABLE_USER_SCRIPT_SANDBOXING = YES;
				GCC_C_LANGUAGE_STANDARD = gnu17;
				GCC_DYNAMIC_NO_PIC = NO;
				GCC_NO_COMMON_BLOCKS = YES;
				GCC_OPTIMIZATION_LEVEL = 0;
				GCC_PREPROCESSOR_DEFINITIONS = (
					"DEBUG=1",
					"$(inherited)",
				);
				GCC_WARN_64_TO_32_BIT_CONVERSION = YES;
				GCC_WARN_ABOUT_RETURN_TYPE = YES_ERROR;
				GCC_WARN_UNDECLARED_SELECTOR = YES;
				GCC_WARN_UNINITIALIZED_AUTOS = YES_AGGRESSIVE;
				GCC_WARN_UNUSED_FUNCTION = YES;
				GCC_WARN_UNUSED_VARIABLE = YES;
				IPHONEOS_DEPLOYMENT_TARGET = 17.5;
				LOCALIZATION_PREFERS_STRING_CATALOGS = YES;
				MTL_ENABLE_DEBUG_INFO = INCLUDE_SOURCE;
				MTL_FAST_MATH = YES;
				ONLY_ACTIVE_ARCH = YES;
				SDKROOT = iphoneos;
				SWIFT_ACTIVE_COMPILATION_CONDITIONS = "DEBUG $(inherited)";
				SWIFT_OPTIMIZATION_LEVEL = "-Onone";
			};
			name = Debug;
		};
		D7AA69D02C0F03CF00BBB594 /* Release */ = {
			isa = XCBuildConfiguration;
			buildSettings = {
				ALWAYS_SEARCH_USER_PATHS = NO;
				ASSETCATALOG_COMPILER_GENERATE_SWIFT_ASSET_SYMBOL_EXTENSIONS = YES;
				CLANG_ANALYZER_NONNULL = YES;
				CLANG_ANALYZER_NUMBER_OBJECT_CONVERSION = YES_AGGRESSIVE;
				CLANG_CXX_LANGUAGE_STANDARD = "gnu++20";
				CLANG_ENABLE_MODULES = YES;
				CLANG_ENABLE_OBJC_ARC = YES;
				CLANG_ENABLE_OBJC_WEAK = YES;
				CLANG_WARN_BLOCK_CAPTURE_AUTORELEASING = YES;
				CLANG_WARN_BOOL_CONVERSION = YES;
				CLANG_WARN_COMMA = YES;
				CLANG_WARN_CONSTANT_CONVERSION = YES;
				CLANG_WARN_DEPRECATED_OBJC_IMPLEMENTATIONS = YES;
				CLANG_WARN_DIRECT_OBJC_ISA_USAGE = YES_ERROR;
				CLANG_WARN_DOCUMENTATION_COMMENTS = YES;
				CLANG_WARN_EMPTY_BODY = YES;
				CLANG_WARN_ENUM_CONVERSION = YES;
				CLANG_WARN_INFINITE_RECURSION = YES;
				CLANG_WARN_INT_CONVERSION = YES;
				CLANG_WARN_NON_LITERAL_NULL_CONVERSION = YES;
				CLANG_WARN_OBJC_IMPLICIT_RETAIN_SELF = YES;
				CLANG_WARN_OBJC_LITERAL_CONVERSION = YES;
				CLANG_WARN_OBJC_ROOT_CLASS = YES_ERROR;
				CLANG_WARN_QUOTED_INCLUDE_IN_FRAMEWORK_HEADER = YES;
				CLANG_WARN_RANGE_LOOP_ANALYSIS = YES;
				CLANG_WARN_STRICT_PROTOTYPES = YES;
				CLANG_WARN_SUSPICIOUS_MOVE = YES;
				CLANG_WARN_UNGUARDED_AVAILABILITY = YES_AGGRESSIVE;
				CLANG_WARN_UNREACHABLE_CODE = YES;
				CLANG_WARN__DUPLICATE_METHOD_MATCH = YES;
				COPY_PHASE_STRIP = NO;
				DEBUG_INFORMATION_FORMAT = "dwarf-with-dsym";
				ENABLE_NS_ASSERTIONS = NO;
				ENABLE_STRICT_OBJC_MSGSEND = YES;
				ENABLE_USER_SCRIPT_SANDBOXING = YES;
				GCC_C_LANGUAGE_STANDARD = gnu17;
				GCC_NO_COMMON_BLOCKS = YES;
				GCC_WARN_64_TO_32_BIT_CONVERSION = YES;
				GCC_WARN_ABOUT_RETURN_TYPE = YES_ERROR;
				GCC_WARN_UNDECLARED_SELECTOR = YES;
				GCC_WARN_UNINITIALIZED_AUTOS = YES_AGGRESSIVE;
				GCC_WARN_UNUSED_FUNCTION = YES;
				GCC_WARN_UNUSED_VARIABLE = YES;
				IPHONEOS_DEPLOYMENT_TARGET = 17.5;
				LOCALIZATION_PREFERS_STRING_CATALOGS = YES;
				MTL_ENABLE_DEBUG_INFO = NO;
				MTL_FAST_MATH = YES;
				SDKROOT = iphoneos;
				SWIFT_COMPILATION_MODE = wholemodule;
				VALIDATE_PRODUCT = YES;
			};
			name = Release;
		};
		D7AA69D22C0F03CF00BBB594 /* Debug */ = {
			isa = XCBuildConfiguration;
			buildSettings = {
				ASSETCATALOG_COMPILER_APPICON_NAME = AppIcon;
				ASSETCATALOG_COMPILER_GLOBAL_ACCENT_COLOR_NAME = AccentColor;
				CODE_SIGN_STYLE = Automatic;
				CURRENT_PROJECT_VERSION = 1;
				DEVELOPMENT_TEAM = 335R5CD3WK;
				GENERATE_INFOPLIST_FILE = YES;
				INFOPLIST_FILE = elevators/Info.plist;
				INFOPLIST_KEY_UIApplicationSupportsIndirectInputEvents = YES;
				INFOPLIST_KEY_UILaunchStoryboardName = LaunchScreen;
				INFOPLIST_KEY_UIMainStoryboardFile = Main;
				INFOPLIST_KEY_UISupportedInterfaceOrientations_iPad = "UIInterfaceOrientationPortrait UIInterfaceOrientationPortraitUpsideDown UIInterfaceOrientationLandscapeLeft UIInterfaceOrientationLandscapeRight";
				INFOPLIST_KEY_UISupportedInterfaceOrientations_iPhone = "UIInterfaceOrientationPortrait UIInterfaceOrientationLandscapeLeft UIInterfaceOrientationLandscapeRight";
				LD_RUNPATH_SEARCH_PATHS = (
					"$(inherited)",
					"@executable_path/Frameworks",
				);
				MARKETING_VERSION = 1.0;
				PRODUCT_BUNDLE_IDENTIFIER = "-23.elevators";
				PRODUCT_NAME = "$(TARGET_NAME)";
				SWIFT_EMIT_LOC_STRINGS = YES;
				SWIFT_VERSION = 5.0;
				TARGETED_DEVICE_FAMILY = "1,2";
			};
			name = Debug;
		};
		D7AA69D32C0F03CF00BBB594 /* Release */ = {
			isa = XCBuildConfiguration;
			buildSettings = {
				ASSETCATALOG_COMPILER_APPICON_NAME = AppIcon;
				ASSETCATALOG_COMPILER_GLOBAL_ACCENT_COLOR_NAME = AccentColor;
				CODE_SIGN_STYLE = Automatic;
				CURRENT_PROJECT_VERSION = 1;
				DEVELOPMENT_TEAM = 335R5CD3WK;
				GENERATE_INFOPLIST_FILE = YES;
				INFOPLIST_FILE = elevators/Info.plist;
				INFOPLIST_KEY_UIApplicationSupportsIndirectInputEvents = YES;
				INFOPLIST_KEY_UILaunchStoryboardName = LaunchScreen;
				INFOPLIST_KEY_UIMainStoryboardFile = Main;
				INFOPLIST_KEY_UISupportedInterfaceOrientations_iPad = "UIInterfaceOrientationPortrait UIInterfaceOrientationPortraitUpsideDown UIInterfaceOrientationLandscapeLeft UIInterfaceOrientationLandscapeRight";
				INFOPLIST_KEY_UISupportedInterfaceOrientations_iPhone = "UIInterfaceOrientationPortrait UIInterfaceOrientationLandscapeLeft UIInterfaceOrientationLandscapeRight";
				LD_RUNPATH_SEARCH_PATHS = (
					"$(inherited)",
					"@executable_path/Frameworks",
				);
				MARKETING_VERSION = 1.0;
				PRODUCT_BUNDLE_IDENTIFIER = "-23.elevators";
				PRODUCT_NAME = "$(TARGET_NAME)";
				SWIFT_EMIT_LOC_STRINGS = YES;
				SWIFT_VERSION = 5.0;
				TARGETED_DEVICE_FAMILY = "1,2";
			};
			name = Release;
		};
/* End XCBuildConfiguration section */

/* Begin XCConfigurationList section */
		D7AA69B82C0F03CD00BBB594 /* Build configuration list for PBXProject "elevators" */ = {
			isa = XCConfigurationList;
			buildConfigurations = (
				D7AA69CF2C0F03CF00BBB594 /* Debug */,
				D7AA69D02C0F03CF00BBB594 /* Release */,
			);
			defaultConfigurationIsVisible = 0;
			defaultConfigurationName = Release;
		};
		D7AA69D12C0F03CF00BBB594 /* Build configuration list for PBXNativeTarget "elevators" */ = {
			isa = XCConfigurationList;
			buildConfigurations = (
				D7AA69D22C0F03CF00BBB594 /* Debug */,
				D7AA69D32C0F03CF00BBB594 /* Release */,
			);
			defaultConfigurationIsVisible = 0;
			defaultConfigurationName = Release;
		};
/* End XCConfigurationList section */
	};
	rootObject = D7AA69B52C0F03CD00BBB594 /* Project object */;
}
